
Microsoft Visual Studio Solution File, Format Version 12.00
# Visual Studio Version 17
VisualStudioVersion = 17.8.34525.116
MinimumVisualStudioVersion = 10.0.40219.1
Project("{9A19103F-16F7-4668-BE54-9A1E7A4F7556}") = "Interfaces", "Interfaces\Interfaces.csproj", "{3CBE671D-B108-4BAD-B7D4-14B5A5CA9407}"
EndProject
Project("{9A19103F-16F7-4668-BE54-9A1E7A4F7556}") = "Infrastructure", "Infrastructure\Infrastructure.csproj", "{130CBE39-1E9F-49D2-AE3F-7C6C5EDD33CE}"
EndProject
Project("{9A19103F-16F7-4668-BE54-9A1E7A4F7556}") = "EmployeeManagementApi", "EmployeeManagementApi\EmployeeManagementApi.csproj", "{81968E4A-DE4E-43EF-AE78-C7EC36D796C2}"
EndProject
Project("{FAE04EC0-301F-11D3-BF4B-00C04F79EFBC}") = "Domain", "Domain\Domain.csproj", "{5901BDB3-93F0-4D08-8349-06F76E928D2C}"
EndProject
Global
	GlobalSection(SolutionConfigurationPlatforms) = preSolution
		Debug|Any CPU = Debug|Any CPU
		Release|Any CPU = Release|Any CPU
	EndGlobalSection
	GlobalSection(ProjectConfigurationPlatforms) = postSolution
		{3CBE671D-B108-4BAD-B7D4-14B5A5CA9407}.Debug|Any CPU.ActiveCfg = Debug|Any CPU
		{3CBE671D-B108-4BAD-B7D4-14B5A5CA9407}.Debug|Any CPU.Build.0 = Debug|Any CPU
		{3CBE671D-B108-4BAD-B7D4-14B5A5CA9407}.Release|Any CPU.ActiveCfg = Release|Any CPU
		{3CBE671D-B108-4BAD-B7D4-14B5A5CA9407}.Release|Any CPU.Build.0 = Release|Any CPU
		{130CBE39-1E9F-49D2-AE3F-7C6C5EDD33CE}.Debug|Any CPU.ActiveCfg = Debug|Any CPU
		{130CBE39-1E9F-49D2-AE3F-7C6C5EDD33CE}.Debug|Any CPU.Build.0 = Debug|Any CPU
		{130CBE39-1E9F-49D2-AE3F-7C6C5EDD33CE}.Release|Any CPU.ActiveCfg = Release|Any CPU
		{130CBE39-1E9F-49D2-AE3F-7C6C5EDD33CE}.Release|Any CPU.Build.0 = Release|Any CPU
		{81968E4A-DE4E-43EF-AE78-C7EC36D796C2}.Debug|Any CPU.ActiveCfg = Debug|Any CPU
		{81968E4A-DE4E-43EF-AE78-C7EC36D796C2}.Debug|Any CPU.Build.0 = Debug|Any CPU
		{81968E4A-DE4E-43EF-AE78-C7EC36D796C2}.Release|Any CPU.ActiveCfg = Release|Any CPU
		{81968E4A-DE4E-43EF-AE78-C7EC36D796C2}.Release|Any CPU.Build.0 = Release|Any CPU
		{5901BDB3-93F0-4D08-8349-06F76E928D2C}.Debug|Any CPU.ActiveCfg = Debug|Any CPU
		{5901BDB3-93F0-4D08-8349-06F76E928D2C}.Debug|Any CPU.Build.0 = Debug|Any CPU
		{5901BDB3-93F0-4D08-8349-06F76E928D2C}.Release|Any CPU.ActiveCfg = Release|Any CPU
		{5901BDB3-93F0-4D08-8349-06F76E928D2C}.Release|Any CPU.Build.0 = Release|Any CPU
	EndGlobalSection
	GlobalSection(SolutionProperties) = preSolution
		HideSolutionNode = FALSE
	EndGlobalSection
	GlobalSection(ExtensibilityGlobals) = postSolution
		SolutionGuid = {373929E4-CBE4-4EB6-B8C1-D4714F5D4FCD}
	EndGlobalSection
EndGlobal
